
Microsoft Visual Studio Solution File, Format Version 12.00
# Visual Studio Version 17
VisualStudioVersion = 17.8.34408.163
MinimumVisualStudioVersion = 10.0.40219.1
Project("{9A19103F-16F7-4668-BE54-9A1E7A4F7556}") = "TestGame", "TestGame.csproj", "{F037D151-CC5D-4154-A1DE-5CF87659672C}"
EndProject
Global
	GlobalSection(SolutionConfigurationPlatforms) = preSolution
		Debug|Any CPU = Debug|Any CPU
		Release|Any CPU = Release|Any CPU
	EndGlobalSection
	GlobalSection(ProjectConfigurationPlatforms) = postSolution
		{F037D151-CC5D-4154-A1DE-5CF87659672C}.Debug|Any CPU.ActiveCfg = Debug|Any CPU
		{F037D151-CC5D-4154-A1DE-5CF87659672C}.Debug|Any CPU.Build.0 = Debug|Any CPU
		{F037D151-CC5D-4154-A1DE-5CF87659672C}.Release|Any CPU.ActiveCfg = Release|Any CPU
		{F037D151-CC5D-4154-A1DE-5CF87659672C}.Release|Any CPU.Build.0 = Release|Any CPU
	EndGlobalSection
	GlobalSection(SolutionProperties) = preSolution
		HideSolutionNode = FALSE
	EndGlobalSection
	GlobalSection(ExtensibilityGlobals) = postSolution
		SolutionGuid = {C9158D8C-D9F6-40E0-B748-741447A9F482}
	EndGlobalSection
EndGlobal
